schema: '2.0'
stages:
  build_datasets:
    cmd: python src/data/build_lean_datasets.py
    deps:
    - path: src/data/build_lean_datasets.py
      hash: md5
      md5: 8209f1a2f4ae9981c6e0fd9c1afd37b3
      size: 9793
    outs:
    - path: data/liquid/
      hash: md5
      md5: e7fd720bdae91cd17d1f289dbf698268.dir
      size: 84788
      nfiles: 3
    - path: data/source/full_dataset.jsonl
      hash: md5
      md5: ccb5f816e9d28f458d00b907f98f41d6
      size: 87476
    - path: data/splits/
      hash: md5
      md5: 7cc287c7c98c02558d9bc095894f36b1.dir
      size: 87476
      nfiles: 3
  report_metrics:
    cmd: python src/data/report_dataset_metrics.py
    deps:
    - path: data/source/full_dataset.jsonl
      hash: md5
      md5: ccb5f816e9d28f458d00b907f98f41d6
      size: 87476
    - path: src/data/report_dataset_metrics.py
      hash: md5
      md5: 2f263ac091d295bb889f629c9d62e11f
      size: 2392
    outs:
    - path: src/data/reports/metrics_lean.md
      hash: md5
      md5: 1cee427a7e84d7b01e890298bb555f9e
      size: 1237
