schema: '2.0'
stages:
  build_datasets:
    cmd: python src/data/build_lean_datasets.py
    deps:
    - path: src/data/build_lean_datasets.py
      hash: md5
      md5: 0da9e9005d6c3aa8747ee40c4afd19b1
      size: 9753
    outs:
    - path: data/liquid/
      hash: md5
      md5: ee5346bc0d4aae98388a1e86e7c7b739.dir
      size: 3888842
      nfiles: 3
    - path: data/source/full_dataset.jsonl
      hash: md5
      md5: a7495b5ec9ab6cb0b592161559acefc9
      size: 3996242
    - path: data/splits/
      hash: md5
      md5: 05ed98e0545345553841e7071ab25ff3.dir
      size: 3996242
      nfiles: 3
  report_metrics:
    cmd: python src/data/report_dataset_metrics.py
    deps:
    - path: data/source/full_dataset.jsonl
      hash: md5
      md5: a7495b5ec9ab6cb0b592161559acefc9
      size: 3996242
    - path: src/data/report_dataset_metrics.py
      hash: md5
      md5: 2f263ac091d295bb889f629c9d62e11f
      size: 2392
    outs:
    - path: src/data/reports/metrics_lean.md
      hash: md5
      md5: b790801747fd2731a81bd428ad4b65dd
      size: 1198
